
Microsoft Visual Studio Solution File, Format Version 12.00
# Visual Studio Version 17
VisualStudioVersion = 17.14.36518.9 d17.14
MinimumVisualStudioVersion = 10.0.40219.1
Project("{FAE04EC0-301F-11D3-BF4B-00C04F79EFBC}") = "Strings_Price_Austin", "Strings_Price_Austin.csproj", "{4C1B3247-9370-4C14-919D-2E2535158A25}"
EndProject
Global
	GlobalSection(SolutionConfigurationPlatforms) = preSolution
		Debug|Any CPU = Debug|Any CPU
		Release|Any CPU = Release|Any CPU
	EndGlobalSection
	GlobalSection(ProjectConfigurationPlatforms) = postSolution
		{4C1B3247-9370-4C14-919D-2E2535158A25}.Debug|Any CPU.ActiveCfg = Debug|Any CPU
		{4C1B3247-9370-4C14-919D-2E2535158A25}.Debug|Any CPU.Build.0 = Debug|Any CPU
		{4C1B3247-9370-4C14-919D-2E2535158A25}.Release|Any CPU.ActiveCfg = Release|Any CPU
		{4C1B3247-9370-4C14-919D-2E2535158A25}.Release|Any CPU.Build.0 = Release|Any CPU
	EndGlobalSection
	GlobalSection(SolutionProperties) = preSolution
		HideSolutionNode = FALSE
	EndGlobalSection
	GlobalSection(ExtensibilityGlobals) = postSolution
		SolutionGuid = {2DA04BD7-1C44-474D-863B-9E206946A27D}
	EndGlobalSection
EndGlobal
